
Microsoft Visual Studio Solution File, Format Version 12.00
# Visual Studio Version 17
VisualStudioVersion = 17.11.35222.181
MinimumVisualStudioVersion = 10.0.40219.1
Project("{2150E333-8FDC-42A3-9474-1A3956D46DE8}") = "Core", "Core", "{ED1C00BB-ECFE-4606-AE3B-7EFFBE0F24E3}"
EndProject
Project("{FAE04EC0-301F-11D3-BF4B-00C04F79EFBC}") = "CarBook.Domain", "CarBook.Domain\CarBook.Domain.csproj", "{AD41A9B9-F310-4D9A-93C4-F63C0222F9C9}"
EndProject
Global
	GlobalSection(SolutionConfigurationPlatforms) = preSolution
		Debug|Any CPU = Debug|Any CPU
		Release|Any CPU = Release|Any CPU
	EndGlobalSection
	GlobalSection(ProjectConfigurationPlatforms) = postSolution
		{AD41A9B9-F310-4D9A-93C4-F63C0222F9C9}.Debug|Any CPU.ActiveCfg = Debug|Any CPU
		{AD41A9B9-F310-4D9A-93C4-F63C0222F9C9}.Debug|Any CPU.Build.0 = Debug|Any CPU
		{AD41A9B9-F310-4D9A-93C4-F63C0222F9C9}.Release|Any CPU.ActiveCfg = Release|Any CPU
		{AD41A9B9-F310-4D9A-93C4-F63C0222F9C9}.Release|Any CPU.Build.0 = Release|Any CPU
	EndGlobalSection
	GlobalSection(SolutionProperties) = preSolution
		HideSolutionNode = FALSE
	EndGlobalSection
	GlobalSection(NestedProjects) = preSolution
		{AD41A9B9-F310-4D9A-93C4-F63C0222F9C9} = {ED1C00BB-ECFE-4606-AE3B-7EFFBE0F24E3}
	EndGlobalSection
	GlobalSection(ExtensibilityGlobals) = postSolution
		SolutionGuid = {D9AD1B2A-0DA9-4923-918C-E45C74BDA643}
	EndGlobalSection
EndGlobal
